
Microsoft Visual Studio Solution File, Format Version 12.00
# Visual Studio Version 16
VisualStudioVersion = 16.0.29613.14
MinimumVisualStudioVersion = 10.0.40219.1
Project("{F184B08F-C81C-45F6-A57F-5ABD9991F28F}") = "testExGraph", "testExGraph.vbproj", "{45A5B21B-24E5-43B1-9680-96C1C52024DC}"
EndProject
Global
	GlobalSection(SolutionConfigurationPlatforms) = preSolution
		Debug|Any CPU = Debug|Any CPU
		Release|Any CPU = Release|Any CPU
	EndGlobalSection
	GlobalSection(ProjectConfigurationPlatforms) = postSolution
		{45A5B21B-24E5-43B1-9680-96C1C52024DC}.Debug|Any CPU.ActiveCfg = Debug|Any CPU
		{45A5B21B-24E5-43B1-9680-96C1C52024DC}.Debug|Any CPU.Build.0 = Debug|Any CPU
		{45A5B21B-24E5-43B1-9680-96C1C52024DC}.Release|Any CPU.ActiveCfg = Release|Any CPU
		{45A5B21B-24E5-43B1-9680-96C1C52024DC}.Release|Any CPU.Build.0 = Release|Any CPU
	EndGlobalSection
	GlobalSection(SolutionProperties) = preSolution
		HideSolutionNode = FALSE
	EndGlobalSection
	GlobalSection(ExtensibilityGlobals) = postSolution
		SolutionGuid = {DE26C3E6-1F93-4D2A-9C26-10BB63226960}
	EndGlobalSection
EndGlobal
